
Microsoft Visual Studio Solution File, Format Version 12.00
# Visual Studio Version 16
VisualStudioVersion = 16.0.31507.150
MinimumVisualStudioVersion = 10.0.40219.1
Project("{FAE04EC0-301F-11D3-BF4B-00C04F79EFBC}") = "MatriculationNumberSimulator", "MatriculationNumberSimulator.csproj", "{C322E981-DEF3-4023-B592-AA46A92369A4}"
EndProject
Global
	GlobalSection(SolutionConfigurationPlatforms) = preSolution
		Debug|Any CPU = Debug|Any CPU
		Release|Any CPU = Release|Any CPU
	EndGlobalSection
	GlobalSection(ProjectConfigurationPlatforms) = postSolution
		{C322E981-DEF3-4023-B592-AA46A92369A4}.Debug|Any CPU.ActiveCfg = Debug|Any CPU
		{C322E981-DEF3-4023-B592-AA46A92369A4}.Debug|Any CPU.Build.0 = Debug|Any CPU
		{C322E981-DEF3-4023-B592-AA46A92369A4}.Release|Any CPU.ActiveCfg = Release|Any CPU
		{C322E981-DEF3-4023-B592-AA46A92369A4}.Release|Any CPU.Build.0 = Release|Any CPU
	EndGlobalSection
	GlobalSection(SolutionProperties) = preSolution
		HideSolutionNode = FALSE
	EndGlobalSection
	GlobalSection(ExtensibilityGlobals) = postSolution
		SolutionGuid = {6B004AA1-02C1-496C-810F-26F112B5BDF2}
	EndGlobalSection
EndGlobal
