Microsoft Visual Studio Solution File, Format Version 12.00
# Visual Studio Version 17
VisualStudioVersion = 17.5.2.0
MinimumVisualStudioVersion = 10.0.40219.1
Project("{FAE04EC0-301F-11D3-BF4B-00C04F79EFBC}") = "token-ring", "token-ring.csproj", "{1CE32C8F-02B1-20D6-7A02-974E7CABB1EF}"
EndProject
Global
	GlobalSection(SolutionConfigurationPlatforms) = preSolution
		Debug|Any CPU = Debug|Any CPU
		Release|Any CPU = Release|Any CPU
	EndGlobalSection
	GlobalSection(ProjectConfigurationPlatforms) = postSolution
		{1CE32C8F-02B1-20D6-7A02-974E7CABB1EF}.Debug|Any CPU.ActiveCfg = Debug|Any CPU
		{1CE32C8F-02B1-20D6-7A02-974E7CABB1EF}.Debug|Any CPU.Build.0 = Debug|Any CPU
		{1CE32C8F-02B1-20D6-7A02-974E7CABB1EF}.Release|Any CPU.ActiveCfg = Release|Any CPU
		{1CE32C8F-02B1-20D6-7A02-974E7CABB1EF}.Release|Any CPU.Build.0 = Release|Any CPU
	EndGlobalSection
	GlobalSection(SolutionProperties) = preSolution
		HideSolutionNode = FALSE
	EndGlobalSection
	GlobalSection(ExtensibilityGlobals) = postSolution
		SolutionGuid = {BB288091-A4B7-4EBC-942C-1F775DD49003}
	EndGlobalSection
EndGlobal
