
Microsoft Visual Studio Solution File, Format Version 12.00
# Visual Studio Version 16
VisualStudioVersion = 16.0.31507.150
MinimumVisualStudioVersion = 10.0.40219.1
Project("{FAE04EC0-301F-11D3-BF4B-00C04F79EFBC}") = "Generics", "Generics.csproj", "{377AA61C-EEBF-44F7-8B53-5D5B4745C167}"
EndProject
Project("{FAE04EC0-301F-11D3-BF4B-00C04F79EFBC}") = "NumberUnitTest", "..\NumberUnitTest\NumberUnitTest.csproj", "{1E18CD24-B7EE-4ABC-B92C-96DB6146E7B3}"
EndProject
Global
	GlobalSection(SolutionConfigurationPlatforms) = preSolution
		Debug|Any CPU = Debug|Any CPU
		Release|Any CPU = Release|Any CPU
	EndGlobalSection
	GlobalSection(ProjectConfigurationPlatforms) = postSolution
		{377AA61C-EEBF-44F7-8B53-5D5B4745C167}.Debug|Any CPU.ActiveCfg = Debug|Any CPU
		{377AA61C-EEBF-44F7-8B53-5D5B4745C167}.Debug|Any CPU.Build.0 = Debug|Any CPU
		{377AA61C-EEBF-44F7-8B53-5D5B4745C167}.Release|Any CPU.ActiveCfg = Release|Any CPU
		{377AA61C-EEBF-44F7-8B53-5D5B4745C167}.Release|Any CPU.Build.0 = Release|Any CPU
		{1E18CD24-B7EE-4ABC-B92C-96DB6146E7B3}.Debug|Any CPU.ActiveCfg = Debug|Any CPU
		{1E18CD24-B7EE-4ABC-B92C-96DB6146E7B3}.Debug|Any CPU.Build.0 = Debug|Any CPU
		{1E18CD24-B7EE-4ABC-B92C-96DB6146E7B3}.Release|Any CPU.ActiveCfg = Release|Any CPU
		{1E18CD24-B7EE-4ABC-B92C-96DB6146E7B3}.Release|Any CPU.Build.0 = Release|Any CPU
	EndGlobalSection
	GlobalSection(SolutionProperties) = preSolution
		HideSolutionNode = FALSE
	EndGlobalSection
	GlobalSection(ExtensibilityGlobals) = postSolution
		SolutionGuid = {FF265B87-5F13-4B63-A9E0-F1786088AF23}
	EndGlobalSection
EndGlobal
